// !$*UTF8*$!
{
	archiveVersion = 1;
	classes = {
	};
	objectVersion = 46;
	objects = {

/* Begin PBXBuildFile section */
		BC6BCA121C88C87800CD8DCE /* NameAndColorCell.swift in Sources */ = {isa = PBXBuildFile; fileRef = BC6BCA111C88C87800CD8DCE /* NameAndColorCell.swift */; };
		BC6BCA141C88E27A00CD8DCE /* NameAndColorCell.xib in Resources */ = {isa = PBXBuildFile; fileRef = BC6BCA131C88E27A00CD8DCE /* NameAndColorCell.xib */; };
		BCEA6C151C87ED9100DAF4CD /* AppDelegate.swift in Sources */ = {isa = PBXBuildFile; fileRef = BCEA6C141C87ED9100DAF4CD /* AppDelegate.swift */; };
		BCEA6C171C87ED9100DAF4CD /* ViewController.swift in Sources */ = {isa = PBXBuildFile; fileRef = BCEA6C161C87ED9100DAF4CD /* ViewController.swift */; };
		BCEA6C1A1C87ED9100DAF4CD /* Main.storyboard in Resources */ = {isa = PBXBuildFile; fileRef = BCEA6C181C87ED9100DAF4CD /* Main.storyboard */; };
		BCEA6C1C1C87ED9100DAF4CD /* Assets.xcassets in Resources */ = {isa = PBXBuildFile; fileRef = BCEA6C1B1C87ED9100DAF4CD /* Assets.xcassets */; };
		BCEA6C1F1C87ED9100DAF4CD /* LaunchScreen.storyboard in Resources */ = {isa = PBXBuildFile; fileRef = BCEA6C1D1C87ED9100DAF4CD /* LaunchScreen.storyboard */; };
		BCEA6C2A1C87ED9100DAF4CD /* Table_CellsTests.swift in Sources */ = {isa = PBXBuildFile; fileRef = BCEA6C291C87ED9100DAF4CD /* Table_CellsTests.swift */; };
		BCEA6C351C87ED9100DAF4CD /* Table_CellsUITests.swift in Sources */ = {isa = PBXBuildFile; fileRef = BCEA6C341C87ED9100DAF4CD /* Table_CellsUITests.swift */; };
/* End PBXBuildFile section */

/* Begin PBXContainerItemProxy section */
		BCEA6C261C87ED9100DAF4CD /* PBXContainerItemProxy */ = {
			isa = PBXContainerItemProxy;
			containerPortal = BCEA6C091C87ED9000DAF4CD /* Project object */;
			proxyType = 1;
			remoteGlobalIDString = BCEA6C101C87ED9100DAF4CD;
			remoteInfo = "Table Cells";
		};
		BCEA6C311C87ED9100DAF4CD /* PBXContainerItemProxy */ = {
			isa = PBXContainerItemProxy;
			containerPortal = BCEA6C091C87ED9000DAF4CD /* Project object */;
			proxyType = 1;
			remoteGlobalIDString = BCEA6C101C87ED9100DAF4CD;
			remoteInfo = "Table Cells";
		};
/* End PBXContainerItemProxy section */

/* Begin PBXFileReference section */
		BC6BCA111C88C87800CD8DCE /* NameAndColorCell.swift */ = {isa = PBXFileReference; fileEncoding = 4; lastKnownFileType = sourcecode.swift; path = NameAndColorCell.swift; sourceTree = "<group>"; };
		BC6BCA131C88E27A00CD8DCE /* NameAndColorCell.xib */ = {isa = PBXFileReference; fileEncoding = 4; lastKnownFileType = file.xib; path = NameAndColorCell.xib; sourceTree = "<group>"; };
		BCEA6C111C87ED9100DAF4CD /* Table Cells.app */ = {isa = PBXFileReference; explicitFileType = wrapper.application; includeInIndex = 0; path = "Table Cells.app"; sourceTree = BUILT_PRODUCTS_DIR; };
		BCEA6C141C87ED9100DAF4CD /* AppDelegate.swift */ = {isa = PBXFileReference; lastKnownFileType = sourcecode.swift; path = AppDelegate.swift; sourceTree = "<group>"; };
		BCEA6C161C87ED9100DAF4CD /* ViewController.swift */ = {isa = PBXFileReference; lastKnownFileType = sourcecode.swift; path = ViewController.swift; sourceTree = "<group>"; };
		BCEA6C191C87ED9100DAF4CD /* Base */ = {isa = PBXFileReference; lastKnownFileType = file.storyboard; name = Base; path = Base.lproj/Main.storyboard; sourceTree = "<group>"; };
		BCEA6C1B1C87ED9100DAF4CD /* Assets.xcassets */ = {isa = PBXFileReference; lastKnownFileType = folder.assetcatalog; path = Assets.xcassets; sourceTree = "<group>"; };
		BCEA6C1E1C87ED9100DAF4CD /* Base */ = {isa = PBXFileReference; lastKnownFileType = file.storyboard; name = Base; path = Base.lproj/LaunchScreen.storyboard; sourceTree = "<group>"; };
		BCEA6C201C87ED9100DAF4CD /* Info.plist */ = {isa = PBXFileReference; lastKnownFileType = text.plist.xml; path = Info.plist; sourceTree = "<group>"; };
		BCEA6C251C87ED9100DAF4CD /* Table CellsTests.xctest */ = {isa = PBXFileReference; explicitFileType = wrapper.cfbundle; includeInIndex = 0; path = "Table CellsTests.xctest"; sourceTree = BUILT_PRODUCTS_DIR; };
		BCEA6C291C87ED9100DAF4CD /* Table_CellsTests.swift */ = {isa = PBXFileReference; lastKnownFileType = sourcecode.swift; path = Table_CellsTests.swift; sourceTree = "<group>"; };
		BCEA6C2B1C87ED9100DAF4CD /* Info.plist */ = {isa = PBXFileReference; lastKnownFileType = text.plist.xml; path = Info.plist; sourceTree = "<group>"; };
		BCEA6C301C87ED9100DAF4CD /* Table CellsUITests.xctest */ = {isa = PBXFileReference; explicitFileType = wrapper.cfbundle; includeInIndex = 0; path = "Table CellsUITests.xctest"; sourceTree = BUILT_PRODUCTS_DIR; };
		BCEA6C341C87ED9100DAF4CD /* Table_CellsUITests.swift */ = {isa = PBXFileReference; lastKnownFileType = sourcecode.swift; path = Table_CellsUITests.swift; sourceTree = "<group>"; };
		BCEA6C361C87ED9100DAF4CD /* Info.plist */ = {isa = PBXFileReference; lastKnownFileType = text.plist.xml; path = Info.plist; sourceTree = "<group>"; };
/* End PBXFileReference section */

/* Begin PBXFrameworksBuildPhase section */
		BCEA6C0E1C87ED9100DAF4CD /* Frameworks */ = {
			isa = PBXFrameworksBuildPhase;
			buildActionMask = 2147483647;
			files = (
			);
			runOnlyForDeploymentPostprocessing = 0;
		};
		BCEA6C221C87ED9100DAF4CD /* Frameworks */ = {
			isa = PBXFrameworksBuildPhase;
			buildActionMask = 2147483647;
			files = (
			);
			runOnlyForDeploymentPostprocessing = 0;
		};
		BCEA6C2D1C87ED9100DAF4CD /* Frameworks */ = {
			isa = PBXFrameworksBuildPhase;
			buildActionMask = 2147483647;
			files = (
			);
			runOnlyForDeploymentPostprocessing = 0;
		};
/* End PBXFrameworksBuildPhase section */

/* Begin PBXGroup section */
		BCEA6C081C87ED9000DAF4CD = {
			isa = PBXGroup;
			children = (
				BCEA6C131C87ED9100DAF4CD /* Table Cells */,
				BCEA6C281C87ED9100DAF4CD /* Table CellsTests */,
				BCEA6C331C87ED9100DAF4CD /* Table CellsUITests */,
				BCEA6C121C87ED9100DAF4CD /* Products */,
			);
			sourceTree = "<group>";
		};
		BCEA6C121C87ED9100DAF4CD /* Products */ = {
			isa = PBXGroup;
			children = (
				BCEA6C111C87ED9100DAF4CD /* Table Cells.app */,
				BCEA6C251C87ED9100DAF4CD /* Table CellsTests.xctest */,
				BCEA6C301C87ED9100DAF4CD /* Table CellsUITests.xctest */,
			);
			name = Products;
			sourceTree = "<group>";
		};
		BCEA6C131C87ED9100DAF4CD /* Table Cells */ = {
			isa = PBXGroup;
			children = (
				BCEA6C141C87ED9100DAF4CD /* AppDelegate.swift */,
				BCEA6C161C87ED9100DAF4CD /* ViewController.swift */,
				BCEA6C181C87ED9100DAF4CD /* Main.storyboard */,
				BCEA6C1B1C87ED9100DAF4CD /* Assets.xcassets */,
				BCEA6C1D1C87ED9100DAF4CD /* LaunchScreen.storyboard */,
				BCEA6C201C87ED9100DAF4CD /* Info.plist */,
				BC6BCA111C88C87800CD8DCE /* NameAndColorCell.swift */,
				BC6BCA131C88E27A00CD8DCE /* NameAndColorCell.xib */,
			);
			path = "Table Cells";
			sourceTree = "<group>";
		};
		BCEA6C281C87ED9100DAF4CD /* Table CellsTests */ = {
			isa = PBXGroup;
			children = (
				BCEA6C291C87ED9100DAF4CD /* Table_CellsTests.swift */,
				BCEA6C2B1C87ED9100DAF4CD /* Info.plist */,
			);
			path = "Table CellsTests";
			sourceTree = "<group>";
		};
		BCEA6C331C87ED9100DAF4CD /* Table CellsUITests */ = {
			isa = PBXGroup;
			children = (
				BCEA6C341C87ED9100DAF4CD /* Table_CellsUITests.swift */,
				BCEA6C361C87ED9100DAF4CD /* Info.plist */,
			);
			path = "Table CellsUITests";
			sourceTree = "<group>";
		};
/* End PBXGroup section */

/* Begin PBXNativeTarget section */
		BCEA6C101C87ED9100DAF4CD /* Table Cells */ = {
			isa = PBXNativeTarget;
			buildConfigurationList = BCEA6C391C87ED9100DAF4CD /* Build configuration list for PBXNativeTarget "Table Cells" */;
			buildPhases = (
				BCEA6C0D1C87ED9100DAF4CD /* Sources */,
				BCEA6C0E1C87ED9100DAF4CD /* Frameworks */,
				BCEA6C0F1C87ED9100DAF4CD /* Resources */,
			);
			buildRules = (
			);
			dependencies = (
			);
			name = "Table Cells";
			productName = "Table Cells";
			productReference = BCEA6C111C87ED9100DAF4CD /* Table Cells.app */;
			productType = "com.apple.product-type.application";
		};
		BCEA6C241C87ED9100DAF4CD /* Table CellsTests */ = {
			isa = PBXNativeTarget;
			buildConfigurationList = BCEA6C3C1C87ED9100DAF4CD /* Build configuration list for PBXNativeTarget "Table CellsTests" */;
			buildPhases = (
				BCEA6C211C87ED9100DAF4CD /* Sources */,
				BCEA6C221C87ED9100DAF4CD /* Frameworks */,
				BCEA6C231C87ED9100DAF4CD /* Resources */,
			);
			buildRules = (
			);
			dependencies = (
				BCEA6C271C87ED9100DAF4CD /* PBXTargetDependency */,
			);
			name = "Table CellsTests";
			productName = "Table CellsTests";
			productReference = BCEA6C251C87ED9100DAF4CD /* Table CellsTests.xctest */;
			productType = "com.apple.product-type.bundle.unit-test";
		};
		BCEA6C2F1C87ED9100DAF4CD /* Table CellsUITests */ = {
			isa = PBXNativeTarget;
			buildConfigurationList = BCEA6C3F1C87ED9100DAF4CD /* Build configuration list for PBXNativeTarget "Table CellsUITests" */;
			buildPhases = (
				BCEA6C2C1C87ED9100DAF4CD /* Sources */,
				BCEA6C2D1C87ED9100DAF4CD /* Frameworks */,
				BCEA6C2E1C87ED9100DAF4CD /* Resources */,
			);
			buildRules = (
			);
			dependencies = (
				BCEA6C321C87ED9100DAF4CD /* PBXTargetDependency */,
			);
			name = "Table CellsUITests";
			productName = "Table CellsUITests";
			productReference = BCEA6C301C87ED9100DAF4CD /* Table CellsUITests.xctest */;
			productType = "com.apple.product-type.bundle.ui-testing";
		};
/* End PBXNativeTarget section */

/* Begin PBXProject section */
		BCEA6C091C87ED9000DAF4CD /* Project object */ = {
			isa = PBXProject;
			attributes = {
				LastSwiftUpdateCheck = 0720;
				LastUpgradeCheck = 0720;
				ORGANIZATIONNAME = "Steve D'Amico";
				TargetAttributes = {
					BCEA6C101C87ED9100DAF4CD = {
						CreatedOnToolsVersion = 7.2.1;
					};
					BCEA6C241C87ED9100DAF4CD = {
						CreatedOnToolsVersion = 7.2.1;
						TestTargetID = BCEA6C101C87ED9100DAF4CD;
					};
					BCEA6C2F1C87ED9100DAF4CD = {
						CreatedOnToolsVersion = 7.2.1;
						TestTargetID = BCEA6C101C87ED9100DAF4CD;
					};
				};
			};
			buildConfigurationList = BCEA6C0C1C87ED9000DAF4CD /* Build configuration list for PBXProject "Table Cells" */;
			compatibilityVersion = "Xcode 3.2";
			developmentRegion = English;
			hasScannedForEncodings = 0;
			knownRegions = (
				en,
				Base,
			);
			mainGroup = BCEA6C081C87ED9000DAF4CD;
			productRefGroup = BCEA6C121C87ED9100DAF4CD /* Products */;
			projectDirPath = "";
			projectRoot = "";
			targets = (
				BCEA6C101C87ED9100DAF4CD /* Table Cells */,
				BCEA6C241C87ED9100DAF4CD /* Table CellsTests */,
				BCEA6C2F1C87ED9100DAF4CD /* Table CellsUITests */,
			);
		};
/* End PBXProject section */

/* Begin PBXResourcesBuildPhase section */
		BCEA6C0F1C87ED9100DAF4CD /* Resources */ = {
			isa = PBXResourcesBuildPhase;
			buildActionMask = 2147483647;
			files = (
				BC6BCA141C88E27A00CD8DCE /* NameAndColorCell.xib in Resources */,
				BCEA6C1F1C87ED9100DAF4CD /* LaunchScreen.storyboard in Resources */,
				BCEA6C1C1C87ED9100DAF4CD /* Assets.xcassets in Resources */,
				BCEA6C1A1C87ED9100DAF4CD /* Main.storyboard in Resources */,
			);
			runOnlyForDeploymentPostprocessing = 0;
		};
		BCEA6C231C87ED9100DAF4CD /* Resources */ = {
			isa = PBXResourcesBuildPhase;
			buildActionMask = 2147483647;
			files = (
			);
			runOnlyForDeploymentPostprocessing = 0;
		};
		BCEA6C2E1C87ED9100DAF4CD /* Resources */ = {
			isa = PBXResourcesBuildPhase;
			buildActionMask = 2147483647;
			files = (
			);
			runOnlyForDeploymentPostprocessing = 0;
		};
/* End PBXResourcesBuildPhase section */

/* Begin PBXSourcesBuildPhase section */
		BCEA6C0D1C87ED9100DAF4CD /* Sources */ = {
			isa = PBXSourcesBuildPhase;
			buildActionMask = 2147483647;
			files = (
				BC6BCA121C88C87800CD8DCE /* NameAndColorCell.swift in Sources */,
				BCEA6C171C87ED9100DAF4CD /* ViewController.swift in Sources */,
				BCEA6C151C87ED9100DAF4CD /* AppDelegate.swift in Sources */,
			);
			runOnlyForDeploymentPostprocessing = 0;
		};
		BCEA6C211C87ED9100DAF4CD /* Sources */ = {
			isa = PBXSourcesBuildPhase;
			buildActionMask = 2147483647;
			files = (
				BCEA6C2A1C87ED9100DAF4CD /* Table_CellsTests.swift in Sources */,
			);
			runOnlyForDeploymentPostprocessing = 0;
		};
		BCEA6C2C1C87ED9100DAF4CD /* Sources */ = {
			isa = PBXSourcesBuildPhase;
			buildActionMask = 2147483647;
			files = (
				BCEA6C351C87ED9100DAF4CD /* Table_CellsUITests.swift in Sources */,
			);
			runOnlyForDeploymentPostprocessing = 0;
		};
/* End PBXSourcesBuildPhase section */

/* Begin PBXTargetDependency section */
		BCEA6C271C87ED9100DAF4CD /* PBXTargetDependency */ = {
			isa = PBXTargetDependency;
			target = BCEA6C101C87ED9100DAF4CD /* Table Cells */;
			targetProxy = BCEA6C261C87ED9100DAF4CD /* PBXContainerItemProxy */;
		};
		BCEA6C321C87ED9100DAF4CD /* PBXTargetDependency */ = {
			isa = PBXTargetDependency;
			target = BCEA6C101C87ED9100DAF4CD /* Table Cells */;
			targetProxy = BCEA6C311C87ED9100DAF4CD /* PBXContainerItemProxy */;
		};
/* End PBXTargetDependency section */

/* Begin PBXVariantGroup section */
		BCEA6C181C87ED9100DAF4CD /* Main.storyboard */ = {
			isa = PBXVariantGroup;
			children = (
				BCEA6C191C87ED9100DAF4CD /* Base */,
			);
			name = Main.storyboard;
			sourceTree = "<group>";
		};
		BCEA6C1D1C87ED9100DAF4CD /* LaunchScreen.storyboard */ = {
			isa = PBXVariantGroup;
			children = (
				BCEA6C1E1C87ED9100DAF4CD /* Base */,
			);
			name = LaunchScreen.storyboard;
			sourceTree = "<group>";
		};
/* End PBXVariantGroup section */

/* Begin XCBuildConfiguration section */
		BCEA6C371C87ED9100DAF4CD /* Debug */ = {
			isa = XCBuildConfiguration;
			buildSettings = {
				ALWAYS_SEARCH_USER_PATHS = NO;
				CLANG_CXX_LANGUAGE_STANDARD = "gnu++0x";
				CLANG_CXX_LIBRARY = "libc++";
				CLANG_ENABLE_MODULES = YES;
				CLANG_ENABLE_OBJC_ARC = YES;
				CLANG_WARN_BOOL_CONVERSION = YES;
				CLANG_WARN_CONSTANT_CONVERSION = YES;
				CLANG_WARN_DIRECT_OBJC_ISA_USAGE = YES_ERROR;
				CLANG_WARN_EMPTY_BODY = YES;
				CLANG_WARN_ENUM_CONVERSION = YES;
				CLANG_WARN_INT_CONVERSION = YES;
				CLANG_WARN_OBJC_ROOT_CLASS = YES_ERROR;
				CLANG_WARN_UNREACHABLE_CODE = YES;
				CLANG_WARN__DUPLICATE_METHOD_MATCH = YES;
				"CODE_SIGN_IDENTITY[sdk=iphoneos*]" = "iPhone Developer";
				COPY_PHASE_STRIP = NO;
				DEBUG_INFORMATION_FORMAT = dwarf;
				ENABLE_STRICT_OBJC_MSGSEND = YES;
				ENABLE_TESTABILITY = YES;
				GCC_C_LANGUAGE_STANDARD = gnu99;
				GCC_DYNAMIC_NO_PIC = NO;
				GCC_NO_COMMON_BLOCKS = YES;
				GCC_OPTIMIZATION_LEVEL = 0;
				GCC_PREPROCESSOR_DEFINITIONS = (
					"DEBUG=1",
					"$(inherited)",
				);
				GCC_WARN_64_TO_32_BIT_CONVERSION = YES;
				GCC_WARN_ABOUT_RETURN_TYPE = YES_ERROR;
				GCC_WARN_UNDECLARED_SELECTOR = YES;
				GCC_WARN_UNINITIALIZED_AUTOS = YES_AGGRESSIVE;
				GCC_WARN_UNUSED_FUNCTION = YES;
				GCC_WARN_UNUSED_VARIABLE = YES;
				IPHONEOS_DEPLOYMENT_TARGET = 9.2;
				MTL_ENABLE_DEBUG_INFO = YES;
				ONLY_ACTIVE_ARCH = YES;
				SDKROOT = iphoneos;
				SWIFT_OPTIMIZATION_LEVEL = "-Onone";
				TARGETED_DEVICE_FAMILY = "1,2";
			};
			name = Debug;
		};
		BCEA6C381C87ED9100DAF4CD /* Release */ = {
			isa = XCBuildConfiguration;
			buildSettings = {
				ALWAYS_SEARCH_USER_PATHS = NO;
				CLANG_CXX_LANGUAGE_STANDARD = "gnu++0x";
				CLANG_CXX_LIBRARY = "libc++";
				CLANG_ENABLE_MODULES = YES;
				CLANG_ENABLE_OBJC_ARC = YES;
				CLANG_WARN_BOOL_CONVERSION = YES;
				CLANG_WARN_CONSTANT_CONVERSION = YES;
				CLANG_WARN_DIRECT_OBJC_ISA_USAGE = YES_ERROR;
				CLANG_WARN_EMPTY_BODY = YES;
				CLANG_WARN_ENUM_CONVERSION = YES;
				CLANG_WARN_INT_CONVERSION = YES;
				CLANG_WARN_OBJC_ROOT_CLASS = YES_ERROR;
				CLANG_WARN_UNREACHABLE_CODE = YES;
				CLANG_WARN__DUPLICATE_METHOD_MATCH = YES;
				"CODE_SIGN_IDENTITY[sdk=iphoneos*]" = "iPhone Developer";
				COPY_PHASE_STRIP = NO;
				DEBUG_INFORMATION_FORMAT = "dwarf-with-dsym";
				ENABLE_NS_ASSERTIONS = NO;
				ENABLE_STRICT_OBJC_MSGSEND = YES;
				GCC_C_LANGUAGE_STANDARD = gnu99;
				GCC_NO_COMMON_BLOCKS = YES;
				GCC_WARN_64_TO_32_BIT_CONVERSION = YES;
				GCC_WARN_ABOUT_RETURN_TYPE = YES_ERROR;
				GCC_WARN_UNDECLARED_SELECTOR = YES;
				GCC_WARN_UNINITIALIZED_AUTOS = YES_AGGRESSIVE;
				GCC_WARN_UNUSED_FUNCTION = YES;
				GCC_WARN_UNUSED_VARIABLE = YES;
				IPHONEOS_DEPLOYMENT_TARGET = 9.2;
				MTL_ENABLE_DEBUG_INFO = NO;
				SDKROOT = iphoneos;
				TARGETED_DEVICE_FAMILY = "1,2";
				VALIDATE_PRODUCT = YES;
			};
			name = Release;
		};
		BCEA6C3A1C87ED9100DAF4CD /* Debug */ = {
			isa = XCBuildConfiguration;
			buildSettings = {
				ASSETCATALOG_COMPILER_APPICON_NAME = AppIcon;
				INFOPLIST_FILE = "Table Cells/Info.plist";
				LD_RUNPATH_SEARCH_PATHS = "$(inherited) @executable_path/Frameworks";
				PRODUCT_BUNDLE_IDENTIFIER = "com.CTMI.Table-Cells";
				PRODUCT_NAME = "$(TARGET_NAME)";
			};
			name = Debug;
		};
		BCEA6C3B1C87ED9100DAF4CD /* Release */ = {
			isa = XCBuildConfiguration;
			buildSettings = {
				ASSETCATALOG_COMPILER_APPICON_NAME = AppIcon;
				INFOPLIST_FILE = "Table Cells/Info.plist";
				LD_RUNPATH_SEARCH_PATHS = "$(inherited) @executable_path/Frameworks";
				PRODUCT_BUNDLE_IDENTIFIER = "com.CTMI.Table-Cells";
				PRODUCT_NAME = "$(TARGET_NAME)";
			};
			name = Release;
		};
		BCEA6C3D1C87ED9100DAF4CD /* Debug */ = {
			isa = XCBuildConfiguration;
			buildSettings = {
				BUNDLE_LOADER = "$(TEST_HOST)";
				INFOPLIST_FILE = "Table CellsTests/Info.plist";
				LD_RUNPATH_SEARCH_PATHS = "$(inherited) @executable_path/Frameworks @loader_path/Frameworks";
				PRODUCT_BUNDLE_IDENTIFIER = "com.CTMI.Table-CellsTests";
				PRODUCT_NAME = "$(TARGET_NAME)";
				TEST_HOST = "$(BUILT_PRODUCTS_DIR)/Table Cells.app/Table Cells";
			};
			name = Debug;
		};
		BCEA6C3E1C87ED9100DAF4CD /* Release */ = {
			isa = XCBuildConfiguration;
			buildSettings = {
				BUNDLE_LOADER = "$(TEST_HOST)";
				INFOPLIST_FILE = "Table CellsTests/Info.plist";
				LD_RUNPATH_SEARCH_PATHS = "$(inherited) @executable_path/Frameworks @loader_path/Frameworks";
				PRODUCT_BUNDLE_IDENTIFIER = "com.CTMI.Table-CellsTests";
				PRODUCT_NAME = "$(TARGET_NAME)";
				TEST_HOST = "$(BUILT_PRODUCTS_DIR)/Table Cells.app/Table Cells";
			};
			name = Release;
		};
		BCEA6C401C87ED9100DAF4CD /* Debug */ = {
			isa = XCBuildConfiguration;
			buildSettings = {
				INFOPLIST_FILE = "Table CellsUITests/Info.plist";
				LD_RUNPATH_SEARCH_PATHS = "$(inherited) @executable_path/Frameworks @loader_path/Frameworks";
				PRODUCT_BUNDLE_IDENTIFIER = "com.CTMI.Table-CellsUITests";
				PRODUCT_NAME = "$(TARGET_NAME)";
				TEST_TARGET_NAME = "Table Cells";
				USES_XCTRUNNER = YES;
			};
			name = Debug;
		};
		BCEA6C411C87ED9100DAF4CD /* Release */ = {
			isa = XCBuildConfiguration;
			buildSettings = {
				INFOPLIST_FILE = "Table CellsUITests/Info.plist";
				LD_RUNPATH_SEARCH_PATHS = "$(inherited) @executable_path/Frameworks @loader_path/Frameworks";
				PRODUCT_BUNDLE_IDENTIFIER = "com.CTMI.Table-CellsUITests";
				PRODUCT_NAME = "$(TARGET_NAME)";
				TEST_TARGET_NAME = "Table Cells";
				USES_XCTRUNNER = YES;
			};
			name = Release;
		};
/* End XCBuildConfiguration section */

/* Begin XCConfigurationList section */
		BCEA6C0C1C87ED9000DAF4CD /* Build configuration list for PBXProject "Table Cells" */ = {
			isa = XCConfigurationList;
			buildConfigurations = (
				BCEA6C371C87ED9100DAF4CD /* Debug */,
				BCEA6C381C87ED9100DAF4CD /* Release */,
			);
			defaultConfigurationIsVisible = 0;
			defaultConfigurationName = Release;
		};
		BCEA6C391C87ED9100DAF4CD /* Build configuration list for PBXNativeTarget "Table Cells" */ = {
			isa = XCConfigurationList;
			buildConfigurations = (
				BCEA6C3A1C87ED9100DAF4CD /* Debug */,
				BCEA6C3B1C87ED9100DAF4CD /* Release */,
			);
			defaultConfigurationIsVisible = 0;
			defaultConfigurationName = Release;
		};
		BCEA6C3C1C87ED9100DAF4CD /* Build configuration list for PBXNativeTarget "Table CellsTests" */ = {
			isa = XCConfigurationList;
			buildConfigurations = (
				BCEA6C3D1C87ED9100DAF4CD /* Debug */,
				BCEA6C3E1C87ED9100DAF4CD /* Release */,
			);
			defaultConfigurationIsVisible = 0;
			defaultConfigurationName = Release;
		};
		BCEA6C3F1C87ED9100DAF4CD /* Build configuration list for PBXNativeTarget "Table CellsUITests" */ = {
			isa = XCConfigurationList;
			buildConfigurations = (
				BCEA6C401C87ED9100DAF4CD /* Debug */,
				BCEA6C411C87ED9100DAF4CD /* Release */,
			);
			defaultConfigurationIsVisible = 0;
			defaultConfigurationName = Release;
		};
/* End XCConfigurationList section */
	};
	rootObject = BCEA6C091C87ED9000DAF4CD /* Project object */;
}
